// !$*UTF8*$!
{
	archiveVersion = 1;
	classes = {
	};
	objectVersion = 77;
	objects = {

/* Begin PBXBuildFile section */
		36D8620FB9BD99C7FD8051AE /* Pods_CityAirportMVVM_RXSwiftTests.framework in Frameworks */ = {isa = PBXBuildFile; fileRef = 2F8F5D487EBC41673A5B68F0 /* Pods_CityAirportMVVM_RXSwiftTests.framework */; };
		413C6DD9A86A454DA0FF5287 /* Pods_CityAirportMVVM_RXSwift.framework in Frameworks */ = {isa = PBXBuildFile; fileRef = 0FE88818952B498FC1D67DA4 /* Pods_CityAirportMVVM_RXSwift.framework */; };
		625C092E6480447C4AED6F64 /* Pods_CityAirportMVVM_RXSwift_CityAirportMVVM_RXSwiftUITests.framework in Frameworks */ = {isa = PBXBuildFile; fileRef = BE0F9CEC18DC80B675B78FAC /* Pods_CityAirportMVVM_RXSwift_CityAirportMVVM_RXSwiftUITests.framework */; };
/* End PBXBuildFile section */

/* Begin PBXContainerItemProxy section */
		A39DF1012DFFDBBE0093E16F /* PBXContainerItemProxy */ = {
			isa = PBXContainerItemProxy;
			containerPortal = A39DF0E22DFFDBBD0093E16F /* Project object */;
			proxyType = 1;
			remoteGlobalIDString = A39DF0E92DFFDBBD0093E16F;
			remoteInfo = CityAirportMVVM_RXSwift;
		};
		A39DF10B2DFFDBBE0093E16F /* PBXContainerItemProxy */ = {
			isa = PBXContainerItemProxy;
			containerPortal = A39DF0E22DFFDBBD0093E16F /* Project object */;
			proxyType = 1;
			remoteGlobalIDString = A39DF0E92DFFDBBD0093E16F;
			remoteInfo = CityAirportMVVM_RXSwift;
		};
/* End PBXContainerItemProxy section */

/* Begin PBXFileReference section */
		0FE88818952B498FC1D67DA4 /* Pods_CityAirportMVVM_RXSwift.framework */ = {isa = PBXFileReference; explicitFileType = wrapper.framework; includeInIndex = 0; path = Pods_CityAirportMVVM_RXSwift.framework; sourceTree = BUILT_PRODUCTS_DIR; };
		2F8F5D487EBC41673A5B68F0 /* Pods_CityAirportMVVM_RXSwiftTests.framework */ = {isa = PBXFileReference; explicitFileType = wrapper.framework; includeInIndex = 0; path = Pods_CityAirportMVVM_RXSwiftTests.framework; sourceTree = BUILT_PRODUCTS_DIR; };
		313FE61657C0271B4904718B /* Pods-CityAirportMVVM_RXSwiftTests.debug.xcconfig */ = {isa = PBXFileReference; includeInIndex = 1; lastKnownFileType = text.xcconfig; name = "Pods-CityAirportMVVM_RXSwiftTests.debug.xcconfig"; path = "Target Support Files/Pods-CityAirportMVVM_RXSwiftTests/Pods-CityAirportMVVM_RXSwiftTests.debug.xcconfig"; sourceTree = "<group>"; };
		70152984AF65ED85A524CED0 /* Pods-CityAirportMVVM_RXSwift.debug.xcconfig */ = {isa = PBXFileReference; includeInIndex = 1; lastKnownFileType = text.xcconfig; name = "Pods-CityAirportMVVM_RXSwift.debug.xcconfig"; path = "Target Support Files/Pods-CityAirportMVVM_RXSwift/Pods-CityAirportMVVM_RXSwift.debug.xcconfig"; sourceTree = "<group>"; };
		867507A78338319C0006E911 /* Pods-CityAirportMVVM_RXSwift.release.xcconfig */ = {isa = PBXFileReference; includeInIndex = 1; lastKnownFileType = text.xcconfig; name = "Pods-CityAirportMVVM_RXSwift.release.xcconfig"; path = "Target Support Files/Pods-CityAirportMVVM_RXSwift/Pods-CityAirportMVVM_RXSwift.release.xcconfig"; sourceTree = "<group>"; };
		8B81614C30BD0E1C7EDB085D /* Pods-CityAirportMVVM_RXSwift-CityAirportMVVM_RXSwiftUITests.release.xcconfig */ = {isa = PBXFileReference; includeInIndex = 1; lastKnownFileType = text.xcconfig; name = "Pods-CityAirportMVVM_RXSwift-CityAirportMVVM_RXSwiftUITests.release.xcconfig"; path = "Target Support Files/Pods-CityAirportMVVM_RXSwift-CityAirportMVVM_RXSwiftUITests/Pods-CityAirportMVVM_RXSwift-CityAirportMVVM_RXSwiftUITests.release.xcconfig"; sourceTree = "<group>"; };
		8E01DD95249B1A9E6E7C09E9 /* Pods-CityAirportMVVM_RXSwift-CityAirportMVVM_RXSwiftUITests.debug.xcconfig */ = {isa = PBXFileReference; includeInIndex = 1; lastKnownFileType = text.xcconfig; name = "Pods-CityAirportMVVM_RXSwift-CityAirportMVVM_RXSwiftUITests.debug.xcconfig"; path = "Target Support Files/Pods-CityAirportMVVM_RXSwift-CityAirportMVVM_RXSwiftUITests/Pods-CityAirportMVVM_RXSwift-CityAirportMVVM_RXSwiftUITests.debug.xcconfig"; sourceTree = "<group>"; };
		A39DF0EA2DFFDBBD0093E16F /* CityAirportMVVM_RXSwift.app */ = {isa = PBXFileReference; explicitFileType = wrapper.application; includeInIndex = 0; path = CityAirportMVVM_RXSwift.app; sourceTree = BUILT_PRODUCTS_DIR; };
		A39DF1002DFFDBBE0093E16F /* CityAirportMVVM_RXSwiftTests.xctest */ = {isa = PBXFileReference; explicitFileType = wrapper.cfbundle; includeInIndex = 0; path = CityAirportMVVM_RXSwiftTests.xctest; sourceTree = BUILT_PRODUCTS_DIR; };
		A39DF10A2DFFDBBE0093E16F /* CityAirportMVVM_RXSwiftUITests.xctest */ = {isa = PBXFileReference; explicitFileType = wrapper.cfbundle; includeInIndex = 0; path = CityAirportMVVM_RXSwiftUITests.xctest; sourceTree = BUILT_PRODUCTS_DIR; };
		BE0F9CEC18DC80B675B78FAC /* Pods_CityAirportMVVM_RXSwift_CityAirportMVVM_RXSwiftUITests.framework */ = {isa = PBXFileReference; explicitFileType = wrapper.framework; includeInIndex = 0; path = Pods_CityAirportMVVM_RXSwift_CityAirportMVVM_RXSwiftUITests.framework; sourceTree = BUILT_PRODUCTS_DIR; };
		D6CEDDDB70392B8D2904A1E1 /* Pods-CityAirportMVVM_RXSwiftTests.release.xcconfig */ = {isa = PBXFileReference; includeInIndex = 1; lastKnownFileType = text.xcconfig; name = "Pods-CityAirportMVVM_RXSwiftTests.release.xcconfig"; path = "Target Support Files/Pods-CityAirportMVVM_RXSwiftTests/Pods-CityAirportMVVM_RXSwiftTests.release.xcconfig"; sourceTree = "<group>"; };
/* End PBXFileReference section */

/* Begin PBXFileSystemSynchronizedBuildFileExceptionSet section */
		A39DF1122DFFDBBE0093E16F /* Exceptions for "CityAirportMVVM_RXSwift" folder in "CityAirportMVVM_RXSwift" target */ = {
			isa = PBXFileSystemSynchronizedBuildFileExceptionSet;
			membershipExceptions = (
				Info.plist,
			);
			target = A39DF0E92DFFDBBD0093E16F /* CityAirportMVVM_RXSwift */;
		};
/* End PBXFileSystemSynchronizedBuildFileExceptionSet section */

/* Begin PBXFileSystemSynchronizedRootGroup section */
		A39DF0EC2DFFDBBD0093E16F /* CityAirportMVVM_RXSwift */ = {
			isa = PBXFileSystemSynchronizedRootGroup;
			exceptions = (
				A39DF1122DFFDBBE0093E16F /* Exceptions for "CityAirportMVVM_RXSwift" folder in "CityAirportMVVM_RXSwift" target */,
			);
			path = CityAirportMVVM_RXSwift;
			sourceTree = "<group>";
		};
		A39DF1032DFFDBBE0093E16F /* CityAirportMVVM_RXSwiftTests */ = {
			isa = PBXFileSystemSynchronizedRootGroup;
			exceptions = (
			);
			path = CityAirportMVVM_RXSwiftTests;
			sourceTree = "<group>";
		};
		A39DF10D2DFFDBBE0093E16F /* CityAirportMVVM_RXSwiftUITests */ = {
			isa = PBXFileSystemSynchronizedRootGroup;
			exceptions = (
			);
			path = CityAirportMVVM_RXSwiftUITests;
			sourceTree = "<group>";
		};
/* End PBXFileSystemSynchronizedRootGroup section */

/* Begin PBXFrameworksBuildPhase section */
		A39DF0E72DFFDBBD0093E16F /* Frameworks */ = {
			isa = PBXFrameworksBuildPhase;
			buildActionMask = 2147483647;
			files = (
				413C6DD9A86A454DA0FF5287 /* Pods_CityAirportMVVM_RXSwift.framework in Frameworks */,
			);
			runOnlyForDeploymentPostprocessing = 0;
		};
		A39DF0FD2DFFDBBE0093E16F /* Frameworks */ = {
			isa = PBXFrameworksBuildPhase;
			buildActionMask = 2147483647;
			files = (
				36D8620FB9BD99C7FD8051AE /* Pods_CityAirportMVVM_RXSwiftTests.framework in Frameworks */,
			);
			runOnlyForDeploymentPostprocessing = 0;
		};
		A39DF1072DFFDBBE0093E16F /* Frameworks */ = {
			isa = PBXFrameworksBuildPhase;
			buildActionMask = 2147483647;
			files = (
				625C092E6480447C4AED6F64 /* Pods_CityAirportMVVM_RXSwift_CityAirportMVVM_RXSwiftUITests.framework in Frameworks */,
			);
			runOnlyForDeploymentPostprocessing = 0;
		};
/* End PBXFrameworksBuildPhase section */

/* Begin PBXGroup section */
		8758B520BAE08C00F1E93B6E /* Frameworks */ = {
			isa = PBXGroup;
			children = (
				0FE88818952B498FC1D67DA4 /* Pods_CityAirportMVVM_RXSwift.framework */,
				BE0F9CEC18DC80B675B78FAC /* Pods_CityAirportMVVM_RXSwift_CityAirportMVVM_RXSwiftUITests.framework */,
				2F8F5D487EBC41673A5B68F0 /* Pods_CityAirportMVVM_RXSwiftTests.framework */,
			);
			name = Frameworks;
			sourceTree = "<group>";
		};
		A39DF0E12DFFDBBD0093E16F = {
			isa = PBXGroup;
			children = (
				A39DF0EC2DFFDBBD0093E16F /* CityAirportMVVM_RXSwift */,
				A39DF1032DFFDBBE0093E16F /* CityAirportMVVM_RXSwiftTests */,
				A39DF10D2DFFDBBE0093E16F /* CityAirportMVVM_RXSwiftUITests */,
				A39DF0EB2DFFDBBD0093E16F /* Products */,
				A863630C01A9C46E7064820F /* Pods */,
				8758B520BAE08C00F1E93B6E /* Frameworks */,
			);
			sourceTree = "<group>";
		};
		A39DF0EB2DFFDBBD0093E16F /* Products */ = {
			isa = PBXGroup;
			children = (
				A39DF0EA2DFFDBBD0093E16F /* CityAirportMVVM_RXSwift.app */,
				A39DF1002DFFDBBE0093E16F /* CityAirportMVVM_RXSwiftTests.xctest */,
				A39DF10A2DFFDBBE0093E16F /* CityAirportMVVM_RXSwiftUITests.xctest */,
			);
			name = Products;
			sourceTree = "<group>";
		};
		A863630C01A9C46E7064820F /* Pods */ = {
			isa = PBXGroup;
			children = (
				70152984AF65ED85A524CED0 /* Pods-CityAirportMVVM_RXSwift.debug.xcconfig */,
				867507A78338319C0006E911 /* Pods-CityAirportMVVM_RXSwift.release.xcconfig */,
				8E01DD95249B1A9E6E7C09E9 /* Pods-CityAirportMVVM_RXSwift-CityAirportMVVM_RXSwiftUITests.debug.xcconfig */,
				8B81614C30BD0E1C7EDB085D /* Pods-CityAirportMVVM_RXSwift-CityAirportMVVM_RXSwiftUITests.release.xcconfig */,
				313FE61657C0271B4904718B /* Pods-CityAirportMVVM_RXSwiftTests.debug.xcconfig */,
				D6CEDDDB70392B8D2904A1E1 /* Pods-CityAirportMVVM_RXSwiftTests.release.xcconfig */,
			);
			name = Pods;
			path = Pods;
			sourceTree = "<group>";
		};
/* End PBXGroup section */

/* Begin PBXNativeTarget section */
		A39DF0E92DFFDBBD0093E16F /* CityAirportMVVM_RXSwift */ = {
			isa = PBXNativeTarget;
			buildConfigurationList = A39DF1132DFFDBBE0093E16F /* Build configuration list for PBXNativeTarget "CityAirportMVVM_RXSwift" */;
			buildPhases = (
				E6A7F2237C620F67097DDB46 /* [CP] Check Pods Manifest.lock */,
				A39DF0E62DFFDBBD0093E16F /* Sources */,
				A39DF0E72DFFDBBD0093E16F /* Frameworks */,
				A39DF0E82DFFDBBD0093E16F /* Resources */,
				082C741D73FAE3CB0D9D4109 /* [CP] Embed Pods Frameworks */,
			);
			buildRules = (
			);
			dependencies = (
			);
			fileSystemSynchronizedGroups = (
				A39DF0EC2DFFDBBD0093E16F /* CityAirportMVVM_RXSwift */,
			);
			name = CityAirportMVVM_RXSwift;
			productName = CityAirportMVVM_RXSwift;
			productReference = A39DF0EA2DFFDBBD0093E16F /* CityAirportMVVM_RXSwift.app */;
			productType = "com.apple.product-type.application";
		};
		A39DF0FF2DFFDBBE0093E16F /* CityAirportMVVM_RXSwiftTests */ = {
			isa = PBXNativeTarget;
			buildConfigurationList = A39DF1182DFFDBBE0093E16F /* Build configuration list for PBXNativeTarget "CityAirportMVVM_RXSwiftTests" */;
			buildPhases = (
				5FA4663C9C7CF4CD0F82065D /* [CP] Check Pods Manifest.lock */,
				A39DF0FC2DFFDBBE0093E16F /* Sources */,
				A39DF0FD2DFFDBBE0093E16F /* Frameworks */,
				A39DF0FE2DFFDBBE0093E16F /* Resources */,
			);
			buildRules = (
			);
			dependencies = (
				A39DF1022DFFDBBE0093E16F /* PBXTargetDependency */,
			);
			fileSystemSynchronizedGroups = (
				A39DF1032DFFDBBE0093E16F /* CityAirportMVVM_RXSwiftTests */,
			);
			name = CityAirportMVVM_RXSwiftTests;
			productName = CityAirportMVVM_RXSwiftTests;
			productReference = A39DF1002DFFDBBE0093E16F /* CityAirportMVVM_RXSwiftTests.xctest */;
			productType = "com.apple.product-type.bundle.unit-test";
		};
		A39DF1092DFFDBBE0093E16F /* CityAirportMVVM_RXSwiftUITests */ = {
			isa = PBXNativeTarget;
			buildConfigurationList = A39DF11B2DFFDBBE0093E16F /* Build configuration list for PBXNativeTarget "CityAirportMVVM_RXSwiftUITests" */;
			buildPhases = (
				8F7A83D89627017C53FA7462 /* [CP] Check Pods Manifest.lock */,
				A39DF1062DFFDBBE0093E16F /* Sources */,
				A39DF1072DFFDBBE0093E16F /* Frameworks */,
				A39DF1082DFFDBBE0093E16F /* Resources */,
				E3B2AB1C7F6C71905F2B9E8A /* [CP] Embed Pods Frameworks */,
			);
			buildRules = (
			);
			dependencies = (
				A39DF10C2DFFDBBE0093E16F /* PBXTargetDependency */,
			);
			fileSystemSynchronizedGroups = (
				A39DF10D2DFFDBBE0093E16F /* CityAirportMVVM_RXSwiftUITests */,
			);
			name = CityAirportMVVM_RXSwiftUITests;
			productName = CityAirportMVVM_RXSwiftUITests;
			productReference = A39DF10A2DFFDBBE0093E16F /* CityAirportMVVM_RXSwiftUITests.xctest */;
			productType = "com.apple.product-type.bundle.ui-testing";
		};
/* End PBXNativeTarget section */

/* Begin PBXProject section */
		A39DF0E22DFFDBBD0093E16F /* Project object */ = {
			isa = PBXProject;
			attributes = {
				BuildIndependentTargetsInParallel = 1;
				LastSwiftUpdateCheck = 1640;
				LastUpgradeCheck = 1640;
				TargetAttributes = {
					A39DF0E92DFFDBBD0093E16F = {
						CreatedOnToolsVersion = 16.4;
					};
					A39DF0FF2DFFDBBE0093E16F = {
						CreatedOnToolsVersion = 16.4;
						TestTargetID = A39DF0E92DFFDBBD0093E16F;
					};
					A39DF1092DFFDBBE0093E16F = {
						CreatedOnToolsVersion = 16.4;
						TestTargetID = A39DF0E92DFFDBBD0093E16F;
					};
				};
			};
			buildConfigurationList = A39DF0E52DFFDBBD0093E16F /* Build configuration list for PBXProject "CityAirportMVVM_RXSwift" */;
			developmentRegion = en;
			hasScannedForEncodings = 0;
			knownRegions = (
				en,
				Base,
			);
			mainGroup = A39DF0E12DFFDBBD0093E16F;
			minimizedProjectReferenceProxies = 1;
			preferredProjectObjectVersion = 77;
			productRefGroup = A39DF0EB2DFFDBBD0093E16F /* Products */;
			projectDirPath = "";
			projectRoot = "";
			targets = (
				A39DF0E92DFFDBBD0093E16F /* CityAirportMVVM_RXSwift */,
				A39DF0FF2DFFDBBE0093E16F /* CityAirportMVVM_RXSwiftTests */,
				A39DF1092DFFDBBE0093E16F /* CityAirportMVVM_RXSwiftUITests */,
			);
		};
/* End PBXProject section */

/* Begin PBXResourcesBuildPhase section */
		A39DF0E82DFFDBBD0093E16F /* Resources */ = {
			isa = PBXResourcesBuildPhase;
			buildActionMask = 2147483647;
			files = (
			);
			runOnlyForDeploymentPostprocessing = 0;
		};
		A39DF0FE2DFFDBBE0093E16F /* Resources */ = {
			isa = PBXResourcesBuildPhase;
			buildActionMask = 2147483647;
			files = (
			);
			runOnlyForDeploymentPostprocessing = 0;
		};
		A39DF1082DFFDBBE0093E16F /* Resources */ = {
			isa = PBXResourcesBuildPhase;
			buildActionMask = 2147483647;
			files = (
			);
			runOnlyForDeploymentPostprocessing = 0;
		};
/* End PBXResourcesBuildPhase section */

/* Begin PBXShellScriptBuildPhase section */
		082C741D73FAE3CB0D9D4109 /* [CP] Embed Pods Frameworks */ = {
			isa = PBXShellScriptBuildPhase;
			buildActionMask = 2147483647;
			files = (
			);
			inputFileListPaths = (
				"${PODS_ROOT}/Target Support Files/Pods-CityAirportMVVM_RXSwift/Pods-CityAirportMVVM_RXSwift-frameworks-${CONFIGURATION}-input-files.xcfilelist",
			);
			name = "[CP] Embed Pods Frameworks";
			outputFileListPaths = (
				"${PODS_ROOT}/Target Support Files/Pods-CityAirportMVVM_RXSwift/Pods-CityAirportMVVM_RXSwift-frameworks-${CONFIGURATION}-output-files.xcfilelist",
			);
			runOnlyForDeploymentPostprocessing = 0;
			shellPath = /bin/sh;
			shellScript = "\"${PODS_ROOT}/Target Support Files/Pods-CityAirportMVVM_RXSwift/Pods-CityAirportMVVM_RXSwift-frameworks.sh\"\n";
			showEnvVarsInLog = 0;
		};
		5FA4663C9C7CF4CD0F82065D /* [CP] Check Pods Manifest.lock */ = {
			isa = PBXShellScriptBuildPhase;
			buildActionMask = 2147483647;
			files = (
			);
			inputFileListPaths = (
			);
			inputPaths = (
				"${PODS_PODFILE_DIR_PATH}/Podfile.lock",
				"${PODS_ROOT}/Manifest.lock",
			);
			name = "[CP] Check Pods Manifest.lock";
			outputFileListPaths = (
			);
			outputPaths = (
				"$(DERIVED_FILE_DIR)/Pods-CityAirportMVVM_RXSwiftTests-checkManifestLockResult.txt",
			);
			runOnlyForDeploymentPostprocessing = 0;
			shellPath = /bin/sh;
			shellScript = "diff \"${PODS_PODFILE_DIR_PATH}/Podfile.lock\" \"${PODS_ROOT}/Manifest.lock\" > /dev/null\nif [ $? != 0 ] ; then\n    # print error to STDERR\n    echo \"error: The sandbox is not in sync with the Podfile.lock. Run 'pod install' or update your CocoaPods installation.\" >&2\n    exit 1\nfi\n# This output is used by Xcode 'outputs' to avoid re-running this script phase.\necho \"SUCCESS\" > \"${SCRIPT_OUTPUT_FILE_0}\"\n";
			showEnvVarsInLog = 0;
		};
		8F7A83D89627017C53FA7462 /* [CP] Check Pods Manifest.lock */ = {
			isa = PBXShellScriptBuildPhase;
			buildActionMask = 2147483647;
			files = (
			);
			inputFileListPaths = (
			);
			inputPaths = (
				"${PODS_PODFILE_DIR_PATH}/Podfile.lock",
				"${PODS_ROOT}/Manifest.lock",
			);
			name = "[CP] Check Pods Manifest.lock";
			outputFileListPaths = (
			);
			outputPaths = (
				"$(DERIVED_FILE_DIR)/Pods-CityAirportMVVM_RXSwift-CityAirportMVVM_RXSwiftUITests-checkManifestLockResult.txt",
			);
			runOnlyForDeploymentPostprocessing = 0;
			shellPath = /bin/sh;
			shellScript = "diff \"${PODS_PODFILE_DIR_PATH}/Podfile.lock\" \"${PODS_ROOT}/Manifest.lock\" > /dev/null\nif [ $? != 0 ] ; then\n    # print error to STDERR\n    echo \"error: The sandbox is not in sync with the Podfile.lock. Run 'pod install' or update your CocoaPods installation.\" >&2\n    exit 1\nfi\n# This output is used by Xcode 'outputs' to avoid re-running this script phase.\necho \"SUCCESS\" > \"${SCRIPT_OUTPUT_FILE_0}\"\n";
			showEnvVarsInLog = 0;
		};
		E3B2AB1C7F6C71905F2B9E8A /* [CP] Embed Pods Frameworks */ = {
			isa = PBXShellScriptBuildPhase;
			buildActionMask = 2147483647;
			files = (
			);
			inputFileListPaths = (
				"${PODS_ROOT}/Target Support Files/Pods-CityAirportMVVM_RXSwift-CityAirportMVVM_RXSwiftUITests/Pods-CityAirportMVVM_RXSwift-CityAirportMVVM_RXSwiftUITests-frameworks-${CONFIGURATION}-input-files.xcfilelist",
			);
			name = "[CP] Embed Pods Frameworks";
			outputFileListPaths = (
				"${PODS_ROOT}/Target Support Files/Pods-CityAirportMVVM_RXSwift-CityAirportMVVM_RXSwiftUITests/Pods-CityAirportMVVM_RXSwift-CityAirportMVVM_RXSwiftUITests-frameworks-${CONFIGURATION}-output-files.xcfilelist",
			);
			runOnlyForDeploymentPostprocessing = 0;
			shellPath = /bin/sh;
			shellScript = "\"${PODS_ROOT}/Target Support Files/Pods-CityAirportMVVM_RXSwift-CityAirportMVVM_RXSwiftUITests/Pods-CityAirportMVVM_RXSwift-CityAirportMVVM_RXSwiftUITests-frameworks.sh\"\n";
			showEnvVarsInLog = 0;
		};
		E6A7F2237C620F67097DDB46 /* [CP] Check Pods Manifest.lock */ = {
			isa = PBXShellScriptBuildPhase;
			buildActionMask = 2147483647;
			files = (
			);
			inputFileListPaths = (
			);
			inputPaths = (
				"${PODS_PODFILE_DIR_PATH}/Podfile.lock",
				"${PODS_ROOT}/Manifest.lock",
			);
			name = "[CP] Check Pods Manifest.lock";
			outputFileListPaths = (
			);
			outputPaths = (
				"$(DERIVED_FILE_DIR)/Pods-CityAirportMVVM_RXSwift-checkManifestLockResult.txt",
			);
			runOnlyForDeploymentPostprocessing = 0;
			shellPath = /bin/sh;
			shellScript = "diff \"${PODS_PODFILE_DIR_PATH}/Podfile.lock\" \"${PODS_ROOT}/Manifest.lock\" > /dev/null\nif [ $? != 0 ] ; then\n    # print error to STDERR\n    echo \"error: The sandbox is not in sync with the Podfile.lock. Run 'pod install' or update your CocoaPods installation.\" >&2\n    exit 1\nfi\n# This output is used by Xcode 'outputs' to avoid re-running this script phase.\necho \"SUCCESS\" > \"${SCRIPT_OUTPUT_FILE_0}\"\n";
			showEnvVarsInLog = 0;
		};
/* End PBXShellScriptBuildPhase section */

/* Begin PBXSourcesBuildPhase section */
		A39DF0E62DFFDBBD0093E16F /* Sources */ = {
			isa = PBXSourcesBuildPhase;
			buildActionMask = 2147483647;
			files = (
			);
			runOnlyForDeploymentPostprocessing = 0;
		};
		A39DF0FC2DFFDBBE0093E16F /* Sources */ = {
			isa = PBXSourcesBuildPhase;
			buildActionMask = 2147483647;
			files = (
			);
			runOnlyForDeploymentPostprocessing = 0;
		};
		A39DF1062DFFDBBE0093E16F /* Sources */ = {
			isa = PBXSourcesBuildPhase;
			buildActionMask = 2147483647;
			files = (
			);
			runOnlyForDeploymentPostprocessing = 0;
		};
/* End PBXSourcesBuildPhase section */

/* Begin PBXTargetDependency section */
		A39DF1022DFFDBBE0093E16F /* PBXTargetDependency */ = {
			isa = PBXTargetDependency;
			target = A39DF0E92DFFDBBD0093E16F /* CityAirportMVVM_RXSwift */;
			targetProxy = A39DF1012DFFDBBE0093E16F /* PBXContainerItemProxy */;
		};
		A39DF10C2DFFDBBE0093E16F /* PBXTargetDependency */ = {
			isa = PBXTargetDependency;
			target = A39DF0E92DFFDBBD0093E16F /* CityAirportMVVM_RXSwift */;
			targetProxy = A39DF10B2DFFDBBE0093E16F /* PBXContainerItemProxy */;
		};
/* End PBXTargetDependency section */

/* Begin XCBuildConfiguration section */
		A39DF1142DFFDBBE0093E16F /* Debug */ = {
			isa = XCBuildConfiguration;
			baseConfigurationReference = 70152984AF65ED85A524CED0 /* Pods-CityAirportMVVM_RXSwift.debug.xcconfig */;
			buildSettings = {
				ASSETCATALOG_COMPILER_APPICON_NAME = AppIcon;
				ASSETCATALOG_COMPILER_GLOBAL_ACCENT_COLOR_NAME = AccentColor;
				CODE_SIGN_STYLE = Automatic;
				CURRENT_PROJECT_VERSION = 1;
				DEVELOPMENT_TEAM = XU626DXNG4;
				GENERATE_INFOPLIST_FILE = YES;
				INFOPLIST_FILE = CityAirportMVVM_RXSwift/Info.plist;
				INFOPLIST_KEY_UIApplicationSupportsIndirectInputEvents = YES;
				INFOPLIST_KEY_UILaunchStoryboardName = LaunchScreen;
				INFOPLIST_KEY_UIMainStoryboardFile = Main;
				INFOPLIST_KEY_UISupportedInterfaceOrientations = "UIInterfaceOrientationLandscapeLeft UIInterfaceOrientationLandscapeRight UIInterfaceOrientationPortrait";
				INFOPLIST_KEY_UISupportedInterfaceOrientations_iPad = "UIInterfaceOrientationPortrait UIInterfaceOrientationPortraitUpsideDown";
				LD_RUNPATH_SEARCH_PATHS = (
					"$(inherited)",
					"@executable_path/Frameworks",
				);
				MARKETING_VERSION = 1.0;
				PRODUCT_BUNDLE_IDENTIFIER = "bienebrylesanico.CityAirportMVVM-RXSwift";
				PRODUCT_NAME = "$(TARGET_NAME)";
				SWIFT_EMIT_LOC_STRINGS = YES;
				SWIFT_VERSION = 5.0;
				TARGETED_DEVICE_FAMILY = "1,2";
			};
			name = Debug;
		};
		A39DF1152DFFDBBE0093E16F /* Release */ = {
			isa = XCBuildConfiguration;
			baseConfigurationReference = 867507A78338319C0006E911 /* Pods-CityAirportMVVM_RXSwift.release.xcconfig */;
			buildSettings = {
				ASSETCATALOG_COMPILER_APPICON_NAME = AppIcon;
				ASSETCATALOG_COMPILER_GLOBAL_ACCENT_COLOR_NAME = AccentColor;
				CODE_SIGN_STYLE = Automatic;
				CURRENT_PROJECT_VERSION = 1;
				DEVELOPMENT_TEAM = XU626DXNG4;
				GENERATE_INFOPLIST_FILE = YES;
				INFOPLIST_FILE = CityAirportMVVM_RXSwift/Info.plist;
				INFOPLIST_KEY_UIApplicationSupportsIndirectInputEvents = YES;
				INFOPLIST_KEY_UILaunchStoryboardName = LaunchScreen;
				INFOPLIST_KEY_UIMainStoryboardFile = Main;
				INFOPLIST_KEY_UISupportedInterfaceOrientations = "UIInterfaceOrientationLandscapeLeft UIInterfaceOrientationLandscapeRight UIInterfaceOrientationPortrait";
				INFOPLIST_KEY_UISupportedInterfaceOrientations_iPad = "UIInterfaceOrientationPortrait UIInterfaceOrientationPortraitUpsideDown";
				LD_RUNPATH_SEARCH_PATHS = (
					"$(inherited)",
					"@executable_path/Frameworks",
				);
				MARKETING_VERSION = 1.0;
				PRODUCT_BUNDLE_IDENTIFIER = "bienebrylesanico.CityAirportMVVM-RXSwift";
				PRODUCT_NAME = "$(TARGET_NAME)";
				SWIFT_EMIT_LOC_STRINGS = YES;
				SWIFT_VERSION = 5.0;
				TARGETED_DEVICE_FAMILY = "1,2";
			};
			name = Release;
		};
		A39DF1162DFFDBBE0093E16F /* Debug */ = {
			isa = XCBuildConfiguration;
			buildSettings = {
				ALWAYS_SEARCH_USER_PATHS = NO;
				ASSETCATALOG_COMPILER_GENERATE_SWIFT_ASSET_SYMBOL_EXTENSIONS = YES;
				CLANG_ANALYZER_NONNULL = YES;
				CLANG_ANALYZER_NUMBER_OBJECT_CONVERSION = YES_AGGRESSIVE;
				CLANG_CXX_LANGUAGE_STANDARD = "gnu++20";
				CLANG_ENABLE_MODULES = YES;
				CLANG_ENABLE_OBJC_ARC = YES;
				CLANG_ENABLE_OBJC_WEAK = YES;
				CLANG_WARN_BLOCK_CAPTURE_AUTORELEASING = YES;
				CLANG_WARN_BOOL_CONVERSION = YES;
				CLANG_WARN_COMMA = YES;
				CLANG_WARN_CONSTANT_CONVERSION = YES;
				CLANG_WARN_DEPRECATED_OBJC_IMPLEMENTATIONS = YES;
				CLANG_WARN_DIRECT_OBJC_ISA_USAGE = YES_ERROR;
				CLANG_WARN_DOCUMENTATION_COMMENTS = YES;
				CLANG_WARN_EMPTY_BODY = YES;
				CLANG_WARN_ENUM_CONVERSION = YES;
				CLANG_WARN_INFINITE_RECURSION = YES;
				CLANG_WARN_INT_CONVERSION = YES;
				CLANG_WARN_NON_LITERAL_NULL_CONVERSION = YES;
				CLANG_WARN_OBJC_IMPLICIT_RETAIN_SELF = YES;
				CLANG_WARN_OBJC_LITERAL_CONVERSION = YES;
				CLANG_WARN_OBJC_ROOT_CLASS = YES_ERROR;
				CLANG_WARN_QUOTED_INCLUDE_IN_FRAMEWORK_HEADER = YES;
				CLANG_WARN_RANGE_LOOP_ANALYSIS = YES;
				CLANG_WARN_STRICT_PROTOTYPES = YES;
				CLANG_WARN_SUSPICIOUS_MOVE = YES;
				CLANG_WARN_UNGUARDED_AVAILABILITY = YES_AGGRESSIVE;
				CLANG_WARN_UNREACHABLE_CODE = YES;
				CLANG_WARN__DUPLICATE_METHOD_MATCH = YES;
				COPY_PHASE_STRIP = NO;
				DEBUG_INFORMATION_FORMAT = dwarf;
				DEVELOPMENT_TEAM = XU626DXNG4;
				ENABLE_STRICT_OBJC_MSGSEND = YES;
				ENABLE_TESTABILITY = YES;
				ENABLE_USER_SCRIPT_SANDBOXING = YES;
				GCC_C_LANGUAGE_STANDARD = gnu17;
				GCC_DYNAMIC_NO_PIC = NO;
				GCC_NO_COMMON_BLOCKS = YES;
				GCC_OPTIMIZATION_LEVEL = 0;
				GCC_PREPROCESSOR_DEFINITIONS = (
					"DEBUG=1",
					"$(inherited)",
				);
				GCC_WARN_64_TO_32_BIT_CONVERSION = YES;
				GCC_WARN_ABOUT_RETURN_TYPE = YES_ERROR;
				GCC_WARN_UNDECLARED_SELECTOR = YES;
				GCC_WARN_UNINITIALIZED_AUTOS = YES_AGGRESSIVE;
				GCC_WARN_UNUSED_FUNCTION = YES;
				GCC_WARN_UNUSED_VARIABLE = YES;
				IPHONEOS_DEPLOYMENT_TARGET = 18.5;
				LOCALIZATION_PREFERS_STRING_CATALOGS = YES;
				MTL_ENABLE_DEBUG_INFO = INCLUDE_SOURCE;
				MTL_FAST_MATH = YES;
				ONLY_ACTIVE_ARCH = YES;
				SDKROOT = iphoneos;
				SWIFT_ACTIVE_COMPILATION_CONDITIONS = "DEBUG $(inherited)";
				SWIFT_OPTIMIZATION_LEVEL = "-Onone";
			};
			name = Debug;
		};
		A39DF1172DFFDBBE0093E16F /* Release */ = {
			isa = XCBuildConfiguration;
			buildSettings = {
				ALWAYS_SEARCH_USER_PATHS = NO;
				ASSETCATALOG_COMPILER_GENERATE_SWIFT_ASSET_SYMBOL_EXTENSIONS = YES;
				CLANG_ANALYZER_NONNULL = YES;
				CLANG_ANALYZER_NUMBER_OBJECT_CONVERSION = YES_AGGRESSIVE;
				CLANG_CXX_LANGUAGE_STANDARD = "gnu++20";
				CLANG_ENABLE_MODULES = YES;
				CLANG_ENABLE_OBJC_ARC = YES;
				CLANG_ENABLE_OBJC_WEAK = YES;
				CLANG_WARN_BLOCK_CAPTURE_AUTORELEASING = YES;
				CLANG_WARN_BOOL_CONVERSION = YES;
				CLANG_WARN_COMMA = YES;
				CLANG_WARN_CONSTANT_CONVERSION = YES;
				CLANG_WARN_DEPRECATED_OBJC_IMPLEMENTATIONS = YES;
				CLANG_WARN_DIRECT_OBJC_ISA_USAGE = YES_ERROR;
				CLANG_WARN_DOCUMENTATION_COMMENTS = YES;
				CLANG_WARN_EMPTY_BODY = YES;
				CLANG_WARN_ENUM_CONVERSION = YES;
				CLANG_WARN_INFINITE_RECURSION = YES;
				CLANG_WARN_INT_CONVERSION = YES;
				CLANG_WARN_NON_LITERAL_NULL_CONVERSION = YES;
				CLANG_WARN_OBJC_IMPLICIT_RETAIN_SELF = YES;
				CLANG_WARN_OBJC_LITERAL_CONVERSION = YES;
				CLANG_WARN_OBJC_ROOT_CLASS = YES_ERROR;
				CLANG_WARN_QUOTED_INCLUDE_IN_FRAMEWORK_HEADER = YES;
				CLANG_WARN_RANGE_LOOP_ANALYSIS = YES;
				CLANG_WARN_STRICT_PROTOTYPES = YES;
				CLANG_WARN_SUSPICIOUS_MOVE = YES;
				CLANG_WARN_UNGUARDED_AVAILABILITY = YES_AGGRESSIVE;
				CLANG_WARN_UNREACHABLE_CODE = YES;
				CLANG_WARN__DUPLICATE_METHOD_MATCH = YES;
				COPY_PHASE_STRIP = NO;
				DEBUG_INFORMATION_FORMAT = "dwarf-with-dsym";
				DEVELOPMENT_TEAM = XU626DXNG4;
				ENABLE_NS_ASSERTIONS = NO;
				ENABLE_STRICT_OBJC_MSGSEND = YES;
				ENABLE_USER_SCRIPT_SANDBOXING = YES;
				GCC_C_LANGUAGE_STANDARD = gnu17;
				GCC_NO_COMMON_BLOCKS = YES;
				GCC_WARN_64_TO_32_BIT_CONVERSION = YES;
				GCC_WARN_ABOUT_RETURN_TYPE = YES_ERROR;
				GCC_WARN_UNDECLARED_SELECTOR = YES;
				GCC_WARN_UNINITIALIZED_AUTOS = YES_AGGRESSIVE;
				GCC_WARN_UNUSED_FUNCTION = YES;
				GCC_WARN_UNUSED_VARIABLE = YES;
				IPHONEOS_DEPLOYMENT_TARGET = 18.5;
				LOCALIZATION_PREFERS_STRING_CATALOGS = YES;
				MTL_ENABLE_DEBUG_INFO = NO;
				MTL_FAST_MATH = YES;
				SDKROOT = iphoneos;
				SWIFT_COMPILATION_MODE = wholemodule;
				VALIDATE_PRODUCT = YES;
			};
			name = Release;
		};
		A39DF1192DFFDBBE0093E16F /* Debug */ = {
			isa = XCBuildConfiguration;
			baseConfigurationReference = 313FE61657C0271B4904718B /* Pods-CityAirportMVVM_RXSwiftTests.debug.xcconfig */;
			buildSettings = {
				BUNDLE_LOADER = "$(TEST_HOST)";
				CODE_SIGN_STYLE = Automatic;
				CURRENT_PROJECT_VERSION = 1;
				DEVELOPMENT_TEAM = XU626DXNG4;
				GENERATE_INFOPLIST_FILE = YES;
				IPHONEOS_DEPLOYMENT_TARGET = 18.5;
				MARKETING_VERSION = 1.0;
				PRODUCT_BUNDLE_IDENTIFIER = "bienebrylesanico.CityAirportMVVM-RXSwiftTests";
				PRODUCT_NAME = "$(TARGET_NAME)";
				SWIFT_EMIT_LOC_STRINGS = NO;
				SWIFT_VERSION = 5.0;
				TARGETED_DEVICE_FAMILY = "1,2";
				TEST_HOST = "$(BUILT_PRODUCTS_DIR)/CityAirportMVVM_RXSwift.app/$(BUNDLE_EXECUTABLE_FOLDER_PATH)/CityAirportMVVM_RXSwift";
			};
			name = Debug;
		};
		A39DF11A2DFFDBBE0093E16F /* Release */ = {
			isa = XCBuildConfiguration;
			baseConfigurationReference = D6CEDDDB70392B8D2904A1E1 /* Pods-CityAirportMVVM_RXSwiftTests.release.xcconfig */;
			buildSettings = {
				BUNDLE_LOADER = "$(TEST_HOST)";
				CODE_SIGN_STYLE = Automatic;
				CURRENT_PROJECT_VERSION = 1;
				DEVELOPMENT_TEAM = XU626DXNG4;
				GENERATE_INFOPLIST_FILE = YES;
				IPHONEOS_DEPLOYMENT_TARGET = 18.5;
				MARKETING_VERSION = 1.0;
				PRODUCT_BUNDLE_IDENTIFIER = "bienebrylesanico.CityAirportMVVM-RXSwiftTests";
				PRODUCT_NAME = "$(TARGET_NAME)";
				SWIFT_EMIT_LOC_STRINGS = NO;
				SWIFT_VERSION = 5.0;
				TARGETED_DEVICE_FAMILY = "1,2";
				TEST_HOST = "$(BUILT_PRODUCTS_DIR)/CityAirportMVVM_RXSwift.app/$(BUNDLE_EXECUTABLE_FOLDER_PATH)/CityAirportMVVM_RXSwift";
			};
			name = Release;
		};
		A39DF11C2DFFDBBE0093E16F /* Debug */ = {
			isa = XCBuildConfiguration;
			baseConfigurationReference = 8E01DD95249B1A9E6E7C09E9 /* Pods-CityAirportMVVM_RXSwift-CityAirportMVVM_RXSwiftUITests.debug.xcconfig */;
			buildSettings = {
				CODE_SIGN_STYLE = Automatic;
				CURRENT_PROJECT_VERSION = 1;
				DEVELOPMENT_TEAM = XU626DXNG4;
				GENERATE_INFOPLIST_FILE = YES;
				MARKETING_VERSION = 1.0;
				PRODUCT_BUNDLE_IDENTIFIER = "bienebrylesanico.CityAirportMVVM-RXSwiftUITests";
				PRODUCT_NAME = "$(TARGET_NAME)";
				SWIFT_EMIT_LOC_STRINGS = NO;
				SWIFT_VERSION = 5.0;
				TARGETED_DEVICE_FAMILY = "1,2";
				TEST_TARGET_NAME = CityAirportMVVM_RXSwift;
			};
			name = Debug;
		};
		A39DF11D2DFFDBBE0093E16F /* Release */ = {
			isa = XCBuildConfiguration;
			baseConfigurationReference = 8B81614C30BD0E1C7EDB085D /* Pods-CityAirportMVVM_RXSwift-CityAirportMVVM_RXSwiftUITests.release.xcconfig */;
			buildSettings = {
				CODE_SIGN_STYLE = Automatic;
				CURRENT_PROJECT_VERSION = 1;
				DEVELOPMENT_TEAM = XU626DXNG4;
				GENERATE_INFOPLIST_FILE = YES;
				MARKETING_VERSION = 1.0;
				PRODUCT_BUNDLE_IDENTIFIER = "bienebrylesanico.CityAirportMVVM-RXSwiftUITests";
				PRODUCT_NAME = "$(TARGET_NAME)";
				SWIFT_EMIT_LOC_STRINGS = NO;
				SWIFT_VERSION = 5.0;
				TARGETED_DEVICE_FAMILY = "1,2";
				TEST_TARGET_NAME = CityAirportMVVM_RXSwift;
			};
			name = Release;
		};
/* End XCBuildConfiguration section */

/* Begin XCConfigurationList section */
		A39DF0E52DFFDBBD0093E16F /* Build configuration list for PBXProject "CityAirportMVVM_RXSwift" */ = {
			isa = XCConfigurationList;
			buildConfigurations = (
				A39DF1162DFFDBBE0093E16F /* Debug */,
				A39DF1172DFFDBBE0093E16F /* Release */,
			);
			defaultConfigurationIsVisible = 0;
			defaultConfigurationName = Release;
		};
		A39DF1132DFFDBBE0093E16F /* Build configuration list for PBXNativeTarget "CityAirportMVVM_RXSwift" */ = {
			isa = XCConfigurationList;
			buildConfigurations = (
				A39DF1142DFFDBBE0093E16F /* Debug */,
				A39DF1152DFFDBBE0093E16F /* Release */,
			);
			defaultConfigurationIsVisible = 0;
			defaultConfigurationName = Release;
		};
		A39DF1182DFFDBBE0093E16F /* Build configuration list for PBXNativeTarget "CityAirportMVVM_RXSwiftTests" */ = {
			isa = XCConfigurationList;
			buildConfigurations = (
				A39DF1192DFFDBBE0093E16F /* Debug */,
				A39DF11A2DFFDBBE0093E16F /* Release */,
			);
			defaultConfigurationIsVisible = 0;
			defaultConfigurationName = Release;
		};
		A39DF11B2DFFDBBE0093E16F /* Build configuration list for PBXNativeTarget "CityAirportMVVM_RXSwiftUITests" */ = {
			isa = XCConfigurationList;
			buildConfigurations = (
				A39DF11C2DFFDBBE0093E16F /* Debug */,
				A39DF11D2DFFDBBE0093E16F /* Release */,
			);
			defaultConfigurationIsVisible = 0;
			defaultConfigurationName = Release;
		};
/* End XCConfigurationList section */
	};
	rootObject = A39DF0E22DFFDBBD0093E16F /* Project object */;
}
