// !$*UTF8*$!
{
	archiveVersion = 1;
	classes = {
	};
	objectVersion = 77;
	objects = {

/* Begin PBXContainerItemProxy section */
		A39DF1012DFFDBBE0093E16F /* PBXContainerItemProxy */ = {
			isa = PBXContainerItemProxy;
			containerPortal = A39DF0E22DFFDBBD0093E16F /* Project object */;
			proxyType = 1;
			remoteGlobalIDString = A39DF0E92DFFDBBD0093E16F;
			remoteInfo = CityAirportMVVM_RXSwift;
		};
		A39DF10B2DFFDBBE0093E16F /* PBXContainerItemProxy */ = {
			isa = PBXContainerItemProxy;
			containerPortal = A39DF0E22DFFDBBD0093E16F /* Project object */;
			proxyType = 1;
			remoteGlobalIDString = A39DF0E92DFFDBBD0093E16F;
			remoteInfo = CityAirportMVVM_RXSwift;
		};
/* End PBXContainerItemProxy section */

/* Begin PBXFileReference section */
		A39DF0EA2DFFDBBD0093E16F /* CityAirportMVVM_RXSwift.app */ = {isa = PBXFileReference; explicitFileType = wrapper.application; includeInIndex = 0; path = CityAirportMVVM_RXSwift.app; sourceTree = BUILT_PRODUCTS_DIR; };
		A39DF1002DFFDBBE0093E16F /* CityAirportMVVM_RXSwiftTests.xctest */ = {isa = PBXFileReference; explicitFileType = wrapper.cfbundle; includeInIndex = 0; path = CityAirportMVVM_RXSwiftTests.xctest; sourceTree = BUILT_PRODUCTS_DIR; };
		A39DF10A2DFFDBBE0093E16F /* CityAirportMVVM_RXSwiftUITests.xctest */ = {isa = PBXFileReference; explicitFileType = wrapper.cfbundle; includeInIndex = 0; path = CityAirportMVVM_RXSwiftUITests.xctest; sourceTree = BUILT_PRODUCTS_DIR; };
/* End PBXFileReference section */

/* Begin PBXFileSystemSynchronizedBuildFileExceptionSet section */
		A39DF1122DFFDBBE0093E16F /* Exceptions for "CityAirportMVVM_RXSwift" folder in "CityAirportMVVM_RXSwift" target */ = {
			isa = PBXFileSystemSynchronizedBuildFileExceptionSet;
			membershipExceptions = (
				Info.plist,
			);
			target = A39DF0E92DFFDBBD0093E16F /* CityAirportMVVM_RXSwift */;
		};
/* End PBXFileSystemSynchronizedBuildFileExceptionSet section */

/* Begin PBXFileSystemSynchronizedRootGroup section */
		A39DF0EC2DFFDBBD0093E16F /* CityAirportMVVM_RXSwift */ = {
			isa = PBXFileSystemSynchronizedRootGroup;
			exceptions = (
				A39DF1122DFFDBBE0093E16F /* Exceptions for "CityAirportMVVM_RXSwift" folder in "CityAirportMVVM_RXSwift" target */,
			);
			path = CityAirportMVVM_RXSwift;
			sourceTree = "<group>";
		};
		A39DF1032DFFDBBE0093E16F /* CityAirportMVVM_RXSwiftTests */ = {
			isa = PBXFileSystemSynchronizedRootGroup;
			path = CityAirportMVVM_RXSwiftTests;
			sourceTree = "<group>";
		};
		A39DF10D2DFFDBBE0093E16F /* CityAirportMVVM_RXSwiftUITests */ = {
			isa = PBXFileSystemSynchronizedRootGroup;
			path = CityAirportMVVM_RXSwiftUITests;
			sourceTree = "<group>";
		};
/* End PBXFileSystemSynchronizedRootGroup section */

/* Begin PBXFrameworksBuildPhase section */
		A39DF0E72DFFDBBD0093E16F /* Frameworks */ = {
			isa = PBXFrameworksBuildPhase;
			buildActionMask = 2147483647;
			files = (
			);
			runOnlyForDeploymentPostprocessing = 0;
		};
		A39DF0FD2DFFDBBE0093E16F /* Frameworks */ = {
			isa = PBXFrameworksBuildPhase;
			buildActionMask = 2147483647;
			files = (
			);
			runOnlyForDeploymentPostprocessing = 0;
		};
		A39DF1072DFFDBBE0093E16F /* Frameworks */ = {
			isa = PBXFrameworksBuildPhase;
			buildActionMask = 2147483647;
			files = (
			);
			runOnlyForDeploymentPostprocessing = 0;
		};
/* End PBXFrameworksBuildPhase section */

/* Begin PBXGroup section */
		A39DF0E12DFFDBBD0093E16F = {
			isa = PBXGroup;
			children = (
				A39DF0EC2DFFDBBD0093E16F /* CityAirportMVVM_RXSwift */,
				A39DF1032DFFDBBE0093E16F /* CityAirportMVVM_RXSwiftTests */,
				A39DF10D2DFFDBBE0093E16F /* CityAirportMVVM_RXSwiftUITests */,
				A39DF0EB2DFFDBBD0093E16F /* Products */,
			);
			sourceTree = "<group>";
		};
		A39DF0EB2DFFDBBD0093E16F /* Products */ = {
			isa = PBXGroup;
			children = (
				A39DF0EA2DFFDBBD0093E16F /* CityAirportMVVM_RXSwift.app */,
				A39DF1002DFFDBBE0093E16F /* CityAirportMVVM_RXSwiftTests.xctest */,
				A39DF10A2DFFDBBE0093E16F /* CityAirportMVVM_RXSwiftUITests.xctest */,
			);
			name = Products;
			sourceTree = "<group>";
		};
/* End PBXGroup section */

/* Begin PBXNativeTarget section */
		A39DF0E92DFFDBBD0093E16F /* CityAirportMVVM_RXSwift */ = {
			isa = PBXNativeTarget;
			buildConfigurationList = A39DF1132DFFDBBE0093E16F /* Build configuration list for PBXNativeTarget "CityAirportMVVM_RXSwift" */;
			buildPhases = (
				A39DF0E62DFFDBBD0093E16F /* Sources */,
				A39DF0E72DFFDBBD0093E16F /* Frameworks */,
				A39DF0E82DFFDBBD0093E16F /* Resources */,
			);
			buildRules = (
			);
			dependencies = (
			);
			fileSystemSynchronizedGroups = (
				A39DF0EC2DFFDBBD0093E16F /* CityAirportMVVM_RXSwift */,
			);
			name = CityAirportMVVM_RXSwift;
			packageProductDependencies = (
			);
			productName = CityAirportMVVM_RXSwift;
			productReference = A39DF0EA2DFFDBBD0093E16F /* CityAirportMVVM_RXSwift.app */;
			productType = "com.apple.product-type.application";
		};
		A39DF0FF2DFFDBBE0093E16F /* CityAirportMVVM_RXSwiftTests */ = {
			isa = PBXNativeTarget;
			buildConfigurationList = A39DF1182DFFDBBE0093E16F /* Build configuration list for PBXNativeTarget "CityAirportMVVM_RXSwiftTests" */;
			buildPhases = (
				A39DF0FC2DFFDBBE0093E16F /* Sources */,
				A39DF0FD2DFFDBBE0093E16F /* Frameworks */,
				A39DF0FE2DFFDBBE0093E16F /* Resources */,
			);
			buildRules = (
			);
			dependencies = (
				A39DF1022DFFDBBE0093E16F /* PBXTargetDependency */,
			);
			fileSystemSynchronizedGroups = (
				A39DF1032DFFDBBE0093E16F /* CityAirportMVVM_RXSwiftTests */,
			);
			name = CityAirportMVVM_RXSwiftTests;
			packageProductDependencies = (
			);
			productName = CityAirportMVVM_RXSwiftTests;
			productReference = A39DF1002DFFDBBE0093E16F /* CityAirportMVVM_RXSwiftTests.xctest */;
			productType = "com.apple.product-type.bundle.unit-test";
		};
		A39DF1092DFFDBBE0093E16F /* CityAirportMVVM_RXSwiftUITests */ = {
			isa = PBXNativeTarget;
			buildConfigurationList = A39DF11B2DFFDBBE0093E16F /* Build configuration list for PBXNativeTarget "CityAirportMVVM_RXSwiftUITests" */;
			buildPhases = (
				A39DF1062DFFDBBE0093E16F /* Sources */,
				A39DF1072DFFDBBE0093E16F /* Frameworks */,
				A39DF1082DFFDBBE0093E16F /* Resources */,
			);
			buildRules = (
			);
			dependencies = (
				A39DF10C2DFFDBBE0093E16F /* PBXTargetDependency */,
			);
			fileSystemSynchronizedGroups = (
				A39DF10D2DFFDBBE0093E16F /* CityAirportMVVM_RXSwiftUITests */,
			);
			name = CityAirportMVVM_RXSwiftUITests;
			packageProductDependencies = (
			);
			productName = CityAirportMVVM_RXSwiftUITests;
			productReference = A39DF10A2DFFDBBE0093E16F /* CityAirportMVVM_RXSwiftUITests.xctest */;
			productType = "com.apple.product-type.bundle.ui-testing";
		};
/* End PBXNativeTarget section */

/* Begin PBXProject section */
		A39DF0E22DFFDBBD0093E16F /* Project object */ = {
			isa = PBXProject;
			attributes = {
				BuildIndependentTargetsInParallel = 1;
				LastSwiftUpdateCheck = 1640;
				LastUpgradeCheck = 1640;
				TargetAttributes = {
					A39DF0E92DFFDBBD0093E16F = {
						CreatedOnToolsVersion = 16.4;
					};
					A39DF0FF2DFFDBBE0093E16F = {
						CreatedOnToolsVersion = 16.4;
						TestTargetID = A39DF0E92DFFDBBD0093E16F;
					};
					A39DF1092DFFDBBE0093E16F = {
						CreatedOnToolsVersion = 16.4;
						TestTargetID = A39DF0E92DFFDBBD0093E16F;
					};
				};
			};
			buildConfigurationList = A39DF0E52DFFDBBD0093E16F /* Build configuration list for PBXProject "CityAirportMVVM_RXSwift" */;
			developmentRegion = en;
			hasScannedForEncodings = 0;
			knownRegions = (
				en,
				Base,
			);
			mainGroup = A39DF0E12DFFDBBD0093E16F;
			minimizedProjectReferenceProxies = 1;
			preferredProjectObjectVersion = 77;
			productRefGroup = A39DF0EB2DFFDBBD0093E16F /* Products */;
			projectDirPath = "";
			projectRoot = "";
			targets = (
				A39DF0E92DFFDBBD0093E16F /* CityAirportMVVM_RXSwift */,
				A39DF0FF2DFFDBBE0093E16F /* CityAirportMVVM_RXSwiftTests */,
				A39DF1092DFFDBBE0093E16F /* CityAirportMVVM_RXSwiftUITests */,
			);
		};
/* End PBXProject section */

/* Begin PBXResourcesBuildPhase section */
		A39DF0E82DFFDBBD0093E16F /* Resources */ = {
			isa = PBXResourcesBuildPhase;
			buildActionMask = 2147483647;
			files = (
			);
			runOnlyForDeploymentPostprocessing = 0;
		};
		A39DF0FE2DFFDBBE0093E16F /* Resources */ = {
			isa = PBXResourcesBuildPhase;
			buildActionMask = 2147483647;
			files = (
			);
			runOnlyForDeploymentPostprocessing = 0;
		};
		A39DF1082DFFDBBE0093E16F /* Resources */ = {
			isa = PBXResourcesBuildPhase;
			buildActionMask = 2147483647;
			files = (
			);
			runOnlyForDeploymentPostprocessing = 0;
		};
/* End PBXResourcesBuildPhase section */

/* Begin PBXSourcesBuildPhase section */
		A39DF0E62DFFDBBD0093E16F /* Sources */ = {
			isa = PBXSourcesBuildPhase;
			buildActionMask = 2147483647;
			files = (
			);
			runOnlyForDeploymentPostprocessing = 0;
		};
		A39DF0FC2DFFDBBE0093E16F /* Sources */ = {
			isa = PBXSourcesBuildPhase;
			buildActionMask = 2147483647;
			files = (
			);
			runOnlyForDeploymentPostprocessing = 0;
		};
		A39DF1062DFFDBBE0093E16F /* Sources */ = {
			isa = PBXSourcesBuildPhase;
			buildActionMask = 2147483647;
			files = (
			);
			runOnlyForDeploymentPostprocessing = 0;
		};
/* End PBXSourcesBuildPhase section */

/* Begin PBXTargetDependency section */
		A39DF1022DFFDBBE0093E16F /* PBXTargetDependency */ = {
			isa = PBXTargetDependency;
			target = A39DF0E92DFFDBBD0093E16F /* CityAirportMVVM_RXSwift */;
			targetProxy = A39DF1012DFFDBBE0093E16F /* PBXContainerItemProxy */;
		};
		A39DF10C2DFFDBBE0093E16F /* PBXTargetDependency */ = {
			isa = PBXTargetDependency;
			target = A39DF0E92DFFDBBD0093E16F /* CityAirportMVVM_RXSwift */;
			targetProxy = A39DF10B2DFFDBBE0093E16F /* PBXContainerItemProxy */;
		};
/* End PBXTargetDependency section */

/* Begin XCBuildConfiguration section */
		A39DF1142DFFDBBE0093E16F /* Debug */ = {
			isa = XCBuildConfiguration;
			buildSettings = {
				ASSETCATALOG_COMPILER_APPICON_NAME = AppIcon;
				ASSETCATALOG_COMPILER_GLOBAL_ACCENT_COLOR_NAME = AccentColor;
				CODE_SIGN_STYLE = Automatic;
				CURRENT_PROJECT_VERSION = 1;
				DEVELOPMENT_TEAM = XU626DXNG4;
				GENERATE_INFOPLIST_FILE = YES;
				INFOPLIST_FILE = CityAirportMVVM_RXSwift/Info.plist;
				INFOPLIST_KEY_UIApplicationSupportsIndirectInputEvents = YES;
				INFOPLIST_KEY_UILaunchStoryboardName = LaunchScreen;
				INFOPLIST_KEY_UIMainStoryboardFile = Main;
				INFOPLIST_KEY_UISupportedInterfaceOrientations_iPad = "UIInterfaceOrientationPortrait UIInterfaceOrientationPortraitUpsideDown UIInterfaceOrientationLandscapeLeft UIInterfaceOrientationLandscapeRight";
				INFOPLIST_KEY_UISupportedInterfaceOrientations_iPhone = "UIInterfaceOrientationPortrait UIInterfaceOrientationLandscapeLeft UIInterfaceOrientationLandscapeRight";
				LD_RUNPATH_SEARCH_PATHS = (
					"$(inherited)",
					"@executable_path/Frameworks",
				);
				MARKETING_VERSION = 1.0;
				PRODUCT_BUNDLE_IDENTIFIER = "bienebrylesanico.CityAirportMVVM-RXSwift";
				PRODUCT_NAME = "$(TARGET_NAME)";
				SWIFT_EMIT_LOC_STRINGS = YES;
				SWIFT_VERSION = 5.0;
				TARGETED_DEVICE_FAMILY = "1,2";
			};
			name = Debug;
		};
		A39DF1152DFFDBBE0093E16F /* Release */ = {
			isa = XCBuildConfiguration;
			buildSettings = {
				ASSETCATALOG_COMPILER_APPICON_NAME = AppIcon;
				ASSETCATALOG_COMPILER_GLOBAL_ACCENT_COLOR_NAME = AccentColor;
				CODE_SIGN_STYLE = Automatic;
				CURRENT_PROJECT_VERSION = 1;
				DEVELOPMENT_TEAM = XU626DXNG4;
				GENERATE_INFOPLIST_FILE = YES;
				INFOPLIST_FILE = CityAirportMVVM_RXSwift/Info.plist;
				INFOPLIST_KEY_UIApplicationSupportsIndirectInputEvents = YES;
				INFOPLIST_KEY_UILaunchStoryboardName = LaunchScreen;
				INFOPLIST_KEY_UIMainStoryboardFile = Main;
				INFOPLIST_KEY_UISupportedInterfaceOrientations_iPad = "UIInterfaceOrientationPortrait UIInterfaceOrientationPortraitUpsideDown UIInterfaceOrientationLandscapeLeft UIInterfaceOrientationLandscapeRight";
				INFOPLIST_KEY_UISupportedInterfaceOrientations_iPhone = "UIInterfaceOrientationPortrait UIInterfaceOrientationLandscapeLeft UIInterfaceOrientationLandscapeRight";
				LD_RUNPATH_SEARCH_PATHS = (
					"$(inherited)",
					"@executable_path/Frameworks",
				);
				MARKETING_VERSION = 1.0;
				PRODUCT_BUNDLE_IDENTIFIER = "bienebrylesanico.CityAirportMVVM-RXSwift";
				PRODUCT_NAME = "$(TARGET_NAME)";
				SWIFT_EMIT_LOC_STRINGS = YES;
				SWIFT_VERSION = 5.0;
				TARGETED_DEVICE_FAMILY = "1,2";
			};
			name = Release;
		};
		A39DF1162DFFDBBE0093E16F /* Debug */ = {
			isa = XCBuildConfiguration;
			buildSettings = {
				ALWAYS_SEARCH_USER_PATHS = NO;
				ASSETCATALOG_COMPILER_GENERATE_SWIFT_ASSET_SYMBOL_EXTENSIONS = YES;
				CLANG_ANALYZER_NONNULL = YES;
				CLANG_ANALYZER_NUMBER_OBJECT_CONVERSION = YES_AGGRESSIVE;
				CLANG_CXX_LANGUAGE_STANDARD = "gnu++20";
				CLANG_ENABLE_MODULES = YES;
				CLANG_ENABLE_OBJC_ARC = YES;
				CLANG_ENABLE_OBJC_WEAK = YES;
				CLANG_WARN_BLOCK_CAPTURE_AUTORELEASING = YES;
				CLANG_WARN_BOOL_CONVERSION = YES;
				CLANG_WARN_COMMA = YES;
				CLANG_WARN_CONSTANT_CONVERSION = YES;
				CLANG_WARN_DEPRECATED_OBJC_IMPLEMENTATIONS = YES;
				CLANG_WARN_DIRECT_OBJC_ISA_USAGE = YES_ERROR;
				CLANG_WARN_DOCUMENTATION_COMMENTS = YES;
				CLANG_WARN_EMPTY_BODY = YES;
				CLANG_WARN_ENUM_CONVERSION = YES;
				CLANG_WARN_INFINITE_RECURSION = YES;
				CLANG_WARN_INT_CONVERSION = YES;
				CLANG_WARN_NON_LITERAL_NULL_CONVERSION = YES;
				CLANG_WARN_OBJC_IMPLICIT_RETAIN_SELF = YES;
				CLANG_WARN_OBJC_LITERAL_CONVERSION = YES;
				CLANG_WARN_OBJC_ROOT_CLASS = YES_ERROR;
				CLANG_WARN_QUOTED_INCLUDE_IN_FRAMEWORK_HEADER = YES;
				CLANG_WARN_RANGE_LOOP_ANALYSIS = YES;
				CLANG_WARN_STRICT_PROTOTYPES = YES;
				CLANG_WARN_SUSPICIOUS_MOVE = YES;
				CLANG_WARN_UNGUARDED_AVAILABILITY = YES_AGGRESSIVE;
				CLANG_WARN_UNREACHABLE_CODE = YES;
				CLANG_WARN__DUPLICATE_METHOD_MATCH = YES;
				COPY_PHASE_STRIP = NO;
				DEBUG_INFORMATION_FORMAT = dwarf;
				DEVELOPMENT_TEAM = XU626DXNG4;
				ENABLE_STRICT_OBJC_MSGSEND = YES;
				ENABLE_TESTABILITY = YES;
				ENABLE_USER_SCRIPT_SANDBOXING = YES;
				GCC_C_LANGUAGE_STANDARD = gnu17;
				GCC_DYNAMIC_NO_PIC = NO;
				GCC_NO_COMMON_BLOCKS = YES;
				GCC_OPTIMIZATION_LEVEL = 0;
				GCC_PREPROCESSOR_DEFINITIONS = (
					"DEBUG=1",
					"$(inherited)",
				);
				GCC_WARN_64_TO_32_BIT_CONVERSION = YES;
				GCC_WARN_ABOUT_RETURN_TYPE = YES_ERROR;
				GCC_WARN_UNDECLARED_SELECTOR = YES;
				GCC_WARN_UNINITIALIZED_AUTOS = YES_AGGRESSIVE;
				GCC_WARN_UNUSED_FUNCTION = YES;
				GCC_WARN_UNUSED_VARIABLE = YES;
				IPHONEOS_DEPLOYMENT_TARGET = 18.5;
				LOCALIZATION_PREFERS_STRING_CATALOGS = YES;
				MTL_ENABLE_DEBUG_INFO = INCLUDE_SOURCE;
				MTL_FAST_MATH = YES;
				ONLY_ACTIVE_ARCH = YES;
				SDKROOT = iphoneos;
				SWIFT_ACTIVE_COMPILATION_CONDITIONS = "DEBUG $(inherited)";
				SWIFT_OPTIMIZATION_LEVEL = "-Onone";
			};
			name = Debug;
		};
		A39DF1172DFFDBBE0093E16F /* Release */ = {
			isa = XCBuildConfiguration;
			buildSettings = {
				ALWAYS_SEARCH_USER_PATHS = NO;
				ASSETCATALOG_COMPILER_GENERATE_SWIFT_ASSET_SYMBOL_EXTENSIONS = YES;
				CLANG_ANALYZER_NONNULL = YES;
				CLANG_ANALYZER_NUMBER_OBJECT_CONVERSION = YES_AGGRESSIVE;
				CLANG_CXX_LANGUAGE_STANDARD = "gnu++20";
				CLANG_ENABLE_MODULES = YES;
				CLANG_ENABLE_OBJC_ARC = YES;
				CLANG_ENABLE_OBJC_WEAK = YES;
				CLANG_WARN_BLOCK_CAPTURE_AUTORELEASING = YES;
				CLANG_WARN_BOOL_CONVERSION = YES;
				CLANG_WARN_COMMA = YES;
				CLANG_WARN_CONSTANT_CONVERSION = YES;
				CLANG_WARN_DEPRECATED_OBJC_IMPLEMENTATIONS = YES;
				CLANG_WARN_DIRECT_OBJC_ISA_USAGE = YES_ERROR;
				CLANG_WARN_DOCUMENTATION_COMMENTS = YES;
				CLANG_WARN_EMPTY_BODY = YES;
				CLANG_WARN_ENUM_CONVERSION = YES;
				CLANG_WARN_INFINITE_RECURSION = YES;
				CLANG_WARN_INT_CONVERSION = YES;
				CLANG_WARN_NON_LITERAL_NULL_CONVERSION = YES;
				CLANG_WARN_OBJC_IMPLICIT_RETAIN_SELF = YES;
				CLANG_WARN_OBJC_LITERAL_CONVERSION = YES;
				CLANG_WARN_OBJC_ROOT_CLASS = YES_ERROR;
				CLANG_WARN_QUOTED_INCLUDE_IN_FRAMEWORK_HEADER = YES;
				CLANG_WARN_RANGE_LOOP_ANALYSIS = YES;
				CLANG_WARN_STRICT_PROTOTYPES = YES;
				CLANG_WARN_SUSPICIOUS_MOVE = YES;
				CLANG_WARN_UNGUARDED_AVAILABILITY = YES_AGGRESSIVE;
				CLANG_WARN_UNREACHABLE_CODE = YES;
				CLANG_WARN__DUPLICATE_METHOD_MATCH = YES;
				COPY_PHASE_STRIP = NO;
				DEBUG_INFORMATION_FORMAT = "dwarf-with-dsym";
				DEVELOPMENT_TEAM = XU626DXNG4;
				ENABLE_NS_ASSERTIONS = NO;
				ENABLE_STRICT_OBJC_MSGSEND = YES;
				ENABLE_USER_SCRIPT_SANDBOXING = YES;
				GCC_C_LANGUAGE_STANDARD = gnu17;
				GCC_NO_COMMON_BLOCKS = YES;
				GCC_WARN_64_TO_32_BIT_CONVERSION = YES;
				GCC_WARN_ABOUT_RETURN_TYPE = YES_ERROR;
				GCC_WARN_UNDECLARED_SELECTOR = YES;
				GCC_WARN_UNINITIALIZED_AUTOS = YES_AGGRESSIVE;
				GCC_WARN_UNUSED_FUNCTION = YES;
				GCC_WARN_UNUSED_VARIABLE = YES;
				IPHONEOS_DEPLOYMENT_TARGET = 18.5;
				LOCALIZATION_PREFERS_STRING_CATALOGS = YES;
				MTL_ENABLE_DEBUG_INFO = NO;
				MTL_FAST_MATH = YES;
				SDKROOT = iphoneos;
				SWIFT_COMPILATION_MODE = wholemodule;
				VALIDATE_PRODUCT = YES;
			};
			name = Release;
		};
		A39DF1192DFFDBBE0093E16F /* Debug */ = {
			isa = XCBuildConfiguration;
			buildSettings = {
				BUNDLE_LOADER = "$(TEST_HOST)";
				CODE_SIGN_STYLE = Automatic;
				CURRENT_PROJECT_VERSION = 1;
				DEVELOPMENT_TEAM = XU626DXNG4;
				GENERATE_INFOPLIST_FILE = YES;
				IPHONEOS_DEPLOYMENT_TARGET = 18.5;
				MARKETING_VERSION = 1.0;
				PRODUCT_BUNDLE_IDENTIFIER = "bienebrylesanico.CityAirportMVVM-RXSwiftTests";
				PRODUCT_NAME = "$(TARGET_NAME)";
				SWIFT_EMIT_LOC_STRINGS = NO;
				SWIFT_VERSION = 5.0;
				TARGETED_DEVICE_FAMILY = "1,2";
				TEST_HOST = "$(BUILT_PRODUCTS_DIR)/CityAirportMVVM_RXSwift.app/$(BUNDLE_EXECUTABLE_FOLDER_PATH)/CityAirportMVVM_RXSwift";
			};
			name = Debug;
		};
		A39DF11A2DFFDBBE0093E16F /* Release */ = {
			isa = XCBuildConfiguration;
			buildSettings = {
				BUNDLE_LOADER = "$(TEST_HOST)";
				CODE_SIGN_STYLE = Automatic;
				CURRENT_PROJECT_VERSION = 1;
				DEVELOPMENT_TEAM = XU626DXNG4;
				GENERATE_INFOPLIST_FILE = YES;
				IPHONEOS_DEPLOYMENT_TARGET = 18.5;
				MARKETING_VERSION = 1.0;
				PRODUCT_BUNDLE_IDENTIFIER = "bienebrylesanico.CityAirportMVVM-RXSwiftTests";
				PRODUCT_NAME = "$(TARGET_NAME)";
				SWIFT_EMIT_LOC_STRINGS = NO;
				SWIFT_VERSION = 5.0;
				TARGETED_DEVICE_FAMILY = "1,2";
				TEST_HOST = "$(BUILT_PRODUCTS_DIR)/CityAirportMVVM_RXSwift.app/$(BUNDLE_EXECUTABLE_FOLDER_PATH)/CityAirportMVVM_RXSwift";
			};
			name = Release;
		};
		A39DF11C2DFFDBBE0093E16F /* Debug */ = {
			isa = XCBuildConfiguration;
			buildSettings = {
				CODE_SIGN_STYLE = Automatic;
				CURRENT_PROJECT_VERSION = 1;
				DEVELOPMENT_TEAM = XU626DXNG4;
				GENERATE_INFOPLIST_FILE = YES;
				MARKETING_VERSION = 1.0;
				PRODUCT_BUNDLE_IDENTIFIER = "bienebrylesanico.CityAirportMVVM-RXSwiftUITests";
				PRODUCT_NAME = "$(TARGET_NAME)";
				SWIFT_EMIT_LOC_STRINGS = NO;
				SWIFT_VERSION = 5.0;
				TARGETED_DEVICE_FAMILY = "1,2";
				TEST_TARGET_NAME = CityAirportMVVM_RXSwift;
			};
			name = Debug;
		};
		A39DF11D2DFFDBBE0093E16F /* Release */ = {
			isa = XCBuildConfiguration;
			buildSettings = {
				CODE_SIGN_STYLE = Automatic;
				CURRENT_PROJECT_VERSION = 1;
				DEVELOPMENT_TEAM = XU626DXNG4;
				GENERATE_INFOPLIST_FILE = YES;
				MARKETING_VERSION = 1.0;
				PRODUCT_BUNDLE_IDENTIFIER = "bienebrylesanico.CityAirportMVVM-RXSwiftUITests";
				PRODUCT_NAME = "$(TARGET_NAME)";
				SWIFT_EMIT_LOC_STRINGS = NO;
				SWIFT_VERSION = 5.0;
				TARGETED_DEVICE_FAMILY = "1,2";
				TEST_TARGET_NAME = CityAirportMVVM_RXSwift;
			};
			name = Release;
		};
/* End XCBuildConfiguration section */

/* Begin XCConfigurationList section */
		A39DF0E52DFFDBBD0093E16F /* Build configuration list for PBXProject "CityAirportMVVM_RXSwift" */ = {
			isa = XCConfigurationList;
			buildConfigurations = (
				A39DF1162DFFDBBE0093E16F /* Debug */,
				A39DF1172DFFDBBE0093E16F /* Release */,
			);
			defaultConfigurationIsVisible = 0;
			defaultConfigurationName = Release;
		};
		A39DF1132DFFDBBE0093E16F /* Build configuration list for PBXNativeTarget "CityAirportMVVM_RXSwift" */ = {
			isa = XCConfigurationList;
			buildConfigurations = (
				A39DF1142DFFDBBE0093E16F /* Debug */,
				A39DF1152DFFDBBE0093E16F /* Release */,
			);
			defaultConfigurationIsVisible = 0;
			defaultConfigurationName = Release;
		};
		A39DF1182DFFDBBE0093E16F /* Build configuration list for PBXNativeTarget "CityAirportMVVM_RXSwiftTests" */ = {
			isa = XCConfigurationList;
			buildConfigurations = (
				A39DF1192DFFDBBE0093E16F /* Debug */,
				A39DF11A2DFFDBBE0093E16F /* Release */,
			);
			defaultConfigurationIsVisible = 0;
			defaultConfigurationName = Release;
		};
		A39DF11B2DFFDBBE0093E16F /* Build configuration list for PBXNativeTarget "CityAirportMVVM_RXSwiftUITests" */ = {
			isa = XCConfigurationList;
			buildConfigurations = (
				A39DF11C2DFFDBBE0093E16F /* Debug */,
				A39DF11D2DFFDBBE0093E16F /* Release */,
			);
			defaultConfigurationIsVisible = 0;
			defaultConfigurationName = Release;
		};
/* End XCConfigurationList section */
	};
	rootObject = A39DF0E22DFFDBBD0093E16F /* Project object */;
}
